
Microsoft Visual Studio Solution File, Format Version 12.00
# Visual Studio 15
VisualStudioVersion = 15.0.28307.421
MinimumVisualStudioVersion = 10.0.40219.1
Project("{FAE04EC0-301F-11D3-BF4B-00C04F79EFBC}") = "ShapeRepresentation", "ShapeRepresentation\ShapeRepresentation.csproj", "{9329142C-966F-4744-B247-493884C6E13E}"
EndProject
Global
	GlobalSection(SolutionConfigurationPlatforms) = preSolution
		Debug|Any CPU = Debug|Any CPU
		Release|Any CPU = Release|Any CPU
	EndGlobalSection
	GlobalSection(ProjectConfigurationPlatforms) = postSolution
		{9329142C-966F-4744-B247-493884C6E13E}.Debug|Any CPU.ActiveCfg = Debug|Any CPU
		{9329142C-966F-4744-B247-493884C6E13E}.Debug|Any CPU.Build.0 = Debug|Any CPU
		{9329142C-966F-4744-B247-493884C6E13E}.Release|Any CPU.ActiveCfg = Release|Any CPU
		{9329142C-966F-4744-B247-493884C6E13E}.Release|Any CPU.Build.0 = Release|Any CPU
	EndGlobalSection
	GlobalSection(SolutionProperties) = preSolution
		HideSolutionNode = FALSE
	EndGlobalSection
	GlobalSection(ExtensibilityGlobals) = postSolution
		SolutionGuid = {C59AA40E-96C2-4D5F-BD76-CDF3DC607709}
	EndGlobalSection
EndGlobal
